
Microsoft Visual Studio Solution File, Format Version 12.00
# Visual Studio Version 17
VisualStudioVersion = 17.5.33502.453
MinimumVisualStudioVersion = 10.0.40219.1
Project("{FAE04EC0-301F-11D3-BF4B-00C04F79EFBC}") = "Simple_Planner", "Simple_Planner\Simple_Planner.csproj", "{963B69B5-2800-46BB-B579-6F6498544181}"
EndProject
Project("{2150E333-8FDC-42A3-9474-1A3956D46DE8}") = "Solution Items", "Solution Items", "{BBCEDB89-F15A-43A0-B39D-B683F6EE9608}"
	ProjectSection(SolutionItems) = preProject
		.editorconfig = .editorconfig
	EndProjectSection
EndProject
Global
	GlobalSection(SolutionConfigurationPlatforms) = preSolution
		Debug|Any CPU = Debug|Any CPU
		Release|Any CPU = Release|Any CPU
	EndGlobalSection
	GlobalSection(ProjectConfigurationPlatforms) = postSolution
		{963B69B5-2800-46BB-B579-6F6498544181}.Debug|Any CPU.ActiveCfg = Debug|Any CPU
		{963B69B5-2800-46BB-B579-6F6498544181}.Debug|Any CPU.Build.0 = Debug|Any CPU
		{963B69B5-2800-46BB-B579-6F6498544181}.Release|Any CPU.ActiveCfg = Release|Any CPU
		{963B69B5-2800-46BB-B579-6F6498544181}.Release|Any CPU.Build.0 = Release|Any CPU
	EndGlobalSection
	GlobalSection(SolutionProperties) = preSolution
		HideSolutionNode = FALSE
	EndGlobalSection
	GlobalSection(ExtensibilityGlobals) = postSolution
		SolutionGuid = {3809B026-D4D6-45CD-864F-41B99E50114D}
	EndGlobalSection
EndGlobal
